
Microsoft Visual Studio Solution File, Format Version 12.00
# Visual Studio Version 17
VisualStudioVersion = 17.4.33122.133
MinimumVisualStudioVersion = 10.0.40219.1
Project("{9A19103F-16F7-4668-BE54-9A1E7A4F7556}") = "FastClieckWebAppMVC", "FastClieckWebAppMVC\FastClieckWebAppMVC.csproj", "{B1A09982-B260-49B4-8DE9-736A0DFC03E7}"
EndProject
Project("{E53339B2-1760-4266-BCC7-CA923CBCF16C}") = "docker-compose", "docker-compose.dcproj", "{23ABDBE9-67CB-4B9E-932C-5AFCC78AFFE6}"
EndProject
Global
	GlobalSection(SolutionConfigurationPlatforms) = preSolution
		Debug|Any CPU = Debug|Any CPU
		Release|Any CPU = Release|Any CPU
	EndGlobalSection
	GlobalSection(ProjectConfigurationPlatforms) = postSolution
		{B1A09982-B260-49B4-8DE9-736A0DFC03E7}.Debug|Any CPU.ActiveCfg = Debug|Any CPU
		{B1A09982-B260-49B4-8DE9-736A0DFC03E7}.Debug|Any CPU.Build.0 = Debug|Any CPU
		{B1A09982-B260-49B4-8DE9-736A0DFC03E7}.Release|Any CPU.ActiveCfg = Release|Any CPU
		{B1A09982-B260-49B4-8DE9-736A0DFC03E7}.Release|Any CPU.Build.0 = Release|Any CPU
		{23ABDBE9-67CB-4B9E-932C-5AFCC78AFFE6}.Debug|Any CPU.ActiveCfg = Debug|Any CPU
		{23ABDBE9-67CB-4B9E-932C-5AFCC78AFFE6}.Debug|Any CPU.Build.0 = Debug|Any CPU
		{23ABDBE9-67CB-4B9E-932C-5AFCC78AFFE6}.Release|Any CPU.ActiveCfg = Release|Any CPU
		{23ABDBE9-67CB-4B9E-932C-5AFCC78AFFE6}.Release|Any CPU.Build.0 = Release|Any CPU
	EndGlobalSection
	GlobalSection(SolutionProperties) = preSolution
		HideSolutionNode = FALSE
	EndGlobalSection
	GlobalSection(ExtensibilityGlobals) = postSolution
		SolutionGuid = {BAE17086-42F5-4154-A474-006CAA3651C7}
	EndGlobalSection
EndGlobal
